
Microsoft Visual Studio Solution File, Format Version 12.00
# Visual Studio Version 17
VisualStudioVersion = 17.3.32929.385
MinimumVisualStudioVersion = 10.0.40219.1
Project("{9A19103F-16F7-4668-BE54-9A1E7A4F7556}") = "Project2D", "Project2D\Project2D.csproj", "{C24AC51D-CF9D-439A-8303-99706B312D78}"
EndProject
Project("{9A19103F-16F7-4668-BE54-9A1E7A4F7556}") = "Raylib-cs", "Raylib\Raylib-cs\Raylib-cs.csproj", "{ED415756-935D-4963-859A-0D553A82E962}"
EndProject
Global
	GlobalSection(SolutionConfigurationPlatforms) = preSolution
		Debug|Any CPU = Debug|Any CPU
		Release|Any CPU = Release|Any CPU
	EndGlobalSection
	GlobalSection(ProjectConfigurationPlatforms) = postSolution
		{C24AC51D-CF9D-439A-8303-99706B312D78}.Debug|Any CPU.ActiveCfg = Debug|Any CPU
		{C24AC51D-CF9D-439A-8303-99706B312D78}.Debug|Any CPU.Build.0 = Debug|Any CPU
		{C24AC51D-CF9D-439A-8303-99706B312D78}.Release|Any CPU.ActiveCfg = Release|Any CPU
		{C24AC51D-CF9D-439A-8303-99706B312D78}.Release|Any CPU.Build.0 = Release|Any CPU
		{ED415756-935D-4963-859A-0D553A82E962}.Debug|Any CPU.ActiveCfg = Debug|Any CPU
		{ED415756-935D-4963-859A-0D553A82E962}.Debug|Any CPU.Build.0 = Debug|Any CPU
		{ED415756-935D-4963-859A-0D553A82E962}.Release|Any CPU.ActiveCfg = Release|Any CPU
		{ED415756-935D-4963-859A-0D553A82E962}.Release|Any CPU.Build.0 = Release|Any CPU
	EndGlobalSection
	GlobalSection(SolutionProperties) = preSolution
		HideSolutionNode = FALSE
	EndGlobalSection
	GlobalSection(ExtensibilityGlobals) = postSolution
		SolutionGuid = {762C2568-D169-46EA-A752-1A721A1EB1D1}
	EndGlobalSection
EndGlobal
